
Microsoft Visual Studio Solution File, Format Version 12.00
# Visual Studio Version 17
VisualStudioVersion = 17.5.33530.505
MinimumVisualStudioVersion = 10.0.40219.1
Project("{FAE04EC0-301F-11D3-BF4B-00C04F79EFBC}") = "PathTrigger", "PathTrigger\PathTrigger.csproj", "{4554875D-D4B3-4EA7-979F-DC64DE55961F}"
EndProject
Global
	GlobalSection(SolutionConfigurationPlatforms) = preSolution
		Debug|Any CPU = Debug|Any CPU
		Release|Any CPU = Release|Any CPU
	EndGlobalSection
	GlobalSection(ProjectConfigurationPlatforms) = postSolution
		{4554875D-D4B3-4EA7-979F-DC64DE55961F}.Debug|Any CPU.ActiveCfg = Debug|Any CPU
		{4554875D-D4B3-4EA7-979F-DC64DE55961F}.Debug|Any CPU.Build.0 = Debug|Any CPU
		{4554875D-D4B3-4EA7-979F-DC64DE55961F}.Release|Any CPU.ActiveCfg = Release|Any CPU
		{4554875D-D4B3-4EA7-979F-DC64DE55961F}.Release|Any CPU.Build.0 = Release|Any CPU
	EndGlobalSection
	GlobalSection(SolutionProperties) = preSolution
		HideSolutionNode = FALSE
	EndGlobalSection
	GlobalSection(ExtensibilityGlobals) = postSolution
		SolutionGuid = {2F1FF20E-D05F-4F9B-BD68-8B6ED1DFAA05}
	EndGlobalSection
EndGlobal
