
Microsoft Visual Studio Solution File, Format Version 12.00
# Visual Studio Version 17
VisualStudioVersion = 17.5.33516.290
MinimumVisualStudioVersion = 10.0.40219.1
Project("{FAE04EC0-301F-11D3-BF4B-00C04F79EFBC}") = "ChangeAttributes", "ChangeAttributes\ChangeAttributes.csproj", "{C215BA0D-2622-4AF0-BD3F-5736D1C6EE51}"
EndProject
Global
	GlobalSection(SolutionConfigurationPlatforms) = preSolution
		Debug|Any CPU = Debug|Any CPU
		Release|Any CPU = Release|Any CPU
	EndGlobalSection
	GlobalSection(ProjectConfigurationPlatforms) = postSolution
		{C215BA0D-2622-4AF0-BD3F-5736D1C6EE51}.Debug|Any CPU.ActiveCfg = Debug|Any CPU
		{C215BA0D-2622-4AF0-BD3F-5736D1C6EE51}.Debug|Any CPU.Build.0 = Debug|Any CPU
		{C215BA0D-2622-4AF0-BD3F-5736D1C6EE51}.Release|Any CPU.ActiveCfg = Release|Any CPU
		{C215BA0D-2622-4AF0-BD3F-5736D1C6EE51}.Release|Any CPU.Build.0 = Release|Any CPU
	EndGlobalSection
	GlobalSection(SolutionProperties) = preSolution
		HideSolutionNode = FALSE
	EndGlobalSection
	GlobalSection(ExtensibilityGlobals) = postSolution
		SolutionGuid = {A8293867-3B18-4F30-9F5F-08F3F946436B}
	EndGlobalSection
EndGlobal
